
Microsoft Visual Studio Solution File, Format Version 12.00
# Visual Studio 16
Project("{FAE04EC0-301F-11D3-BF4B-00C04F79EFBC}") = "PhotonUnityNetworking.Demos", "PhotonUnityNetworking.Demos.csproj", "{9260B66E-C39C-FF2E-E05E-DA0125CB08B7}"
EndProject
Project("{FAE04EC0-301F-11D3-BF4B-00C04F79EFBC}") = "PhotonUnityNetworking.Utilities", "PhotonUnityNetworking.Utilities.csproj", "{A963B98D-A16D-B9C9-282B-61B91D9B6283}"
EndProject
Project("{FAE04EC0-301F-11D3-BF4B-00C04F79EFBC}") = "PhotonChat", "PhotonChat.csproj", "{BE5D3CE0-BD22-4391-E47B-0EE6D063525E}"
EndProject
Project("{FAE04EC0-301F-11D3-BF4B-00C04F79EFBC}") = "Assembly-CSharp", "Assembly-CSharp.csproj", "{7CB3742F-CB2D-194F-ACC5-D28154BBB21B}"
EndProject
Project("{FAE04EC0-301F-11D3-BF4B-00C04F79EFBC}") = "PhotonUnityNetworking", "PhotonUnityNetworking.csproj", "{C0CC2536-D2EE-435D-989F-FD9F3862F6AE}"
EndProject
Project("{FAE04EC0-301F-11D3-BF4B-00C04F79EFBC}") = "PhotonRealtime", "PhotonRealtime.csproj", "{10D51C37-D29B-3840-FB42-189E58F58C0D}"
EndProject
Project("{FAE04EC0-301F-11D3-BF4B-00C04F79EFBC}") = "PhotonWebSocket", "PhotonWebSocket.csproj", "{464B3B7C-A45F-25E3-29F2-07644769295F}"
EndProject
Project("{FAE04EC0-301F-11D3-BF4B-00C04F79EFBC}") = "PhotonUnityNetworking.Editor", "PhotonUnityNetworking.Editor.csproj", "{EC19A241-B34B-62D6-79F1-03F2CDC5D8A2}"
EndProject
Project("{FAE04EC0-301F-11D3-BF4B-00C04F79EFBC}") = "PunDemos.DemoHubEditor", "PunDemos.DemoHubEditor.csproj", "{7746651C-4ACA-4234-AE09-9C9FE239DC28}"
EndProject
Project("{FAE04EC0-301F-11D3-BF4B-00C04F79EFBC}") = "PhotonUnityNetworking.Utilities.PhotonPlayer.Editor", "PhotonUnityNetworking.Utilities.PhotonPlayer.Editor.csproj", "{6D30F3A6-11D6-DB25-38E6-B588A4612111}"
EndProject
Project("{FAE04EC0-301F-11D3-BF4B-00C04F79EFBC}") = "PhotonUnityNetworking.Utilities.Culling.Editor", "PhotonUnityNetworking.Utilities.Culling.Editor.csproj", "{CD922865-6CE1-0732-C65D-70921EB2F13C}"
EndProject
Project("{FAE04EC0-301F-11D3-BF4B-00C04F79EFBC}") = "PunDemos.DemoSlotcarEditor", "PunDemos.DemoSlotcarEditor.csproj", "{B4E67143-5B83-0F65-898F-C46C282E2861}"
EndProject
Global
	GlobalSection(SolutionConfigurationPlatforms) = preSolution
		Debug|Any CPU = Debug|Any CPU
		Release|Any CPU = Release|Any CPU
	EndGlobalSection
	GlobalSection(ProjectConfigurationPlatforms) = postSolution
		{9260B66E-C39C-FF2E-E05E-DA0125CB08B7}.Debug|Any CPU.ActiveCfg = Debug|Any CPU
		{9260B66E-C39C-FF2E-E05E-DA0125CB08B7}.Debug|Any CPU.Build.0 = Debug|Any CPU
		{9260B66E-C39C-FF2E-E05E-DA0125CB08B7}.Release|Any CPU.ActiveCfg = Release|Any CPU
		{9260B66E-C39C-FF2E-E05E-DA0125CB08B7}.Release|Any CPU.Build.0 = Release|Any CPU
		{A963B98D-A16D-B9C9-282B-61B91D9B6283}.Debug|Any CPU.ActiveCfg = Debug|Any CPU
		{A963B98D-A16D-B9C9-282B-61B91D9B6283}.Debug|Any CPU.Build.0 = Debug|Any CPU
		{A963B98D-A16D-B9C9-282B-61B91D9B6283}.Release|Any CPU.ActiveCfg = Release|Any CPU
		{A963B98D-A16D-B9C9-282B-61B91D9B6283}.Release|Any CPU.Build.0 = Release|Any CPU
		{BE5D3CE0-BD22-4391-E47B-0EE6D063525E}.Debug|Any CPU.ActiveCfg = Debug|Any CPU
		{BE5D3CE0-BD22-4391-E47B-0EE6D063525E}.Debug|Any CPU.Build.0 = Debug|Any CPU
		{BE5D3CE0-BD22-4391-E47B-0EE6D063525E}.Release|Any CPU.ActiveCfg = Release|Any CPU
		{BE5D3CE0-BD22-4391-E47B-0EE6D063525E}.Release|Any CPU.Build.0 = Release|Any CPU
		{7CB3742F-CB2D-194F-ACC5-D28154BBB21B}.Debug|Any CPU.ActiveCfg = Debug|Any CPU
		{7CB3742F-CB2D-194F-ACC5-D28154BBB21B}.Debug|Any CPU.Build.0 = Debug|Any CPU
		{7CB3742F-CB2D-194F-ACC5-D28154BBB21B}.Release|Any CPU.ActiveCfg = Release|Any CPU
		{7CB3742F-CB2D-194F-ACC5-D28154BBB21B}.Release|Any CPU.Build.0 = Release|Any CPU
		{C0CC2536-D2EE-435D-989F-FD9F3862F6AE}.Debug|Any CPU.ActiveCfg = Debug|Any CPU
		{C0CC2536-D2EE-435D-989F-FD9F3862F6AE}.Debug|Any CPU.Build.0 = Debug|Any CPU
		{C0CC2536-D2EE-435D-989F-FD9F3862F6AE}.Release|Any CPU.ActiveCfg = Release|Any CPU
		{C0CC2536-D2EE-435D-989F-FD9F3862F6AE}.Release|Any CPU.Build.0 = Release|Any CPU
		{10D51C37-D29B-3840-FB42-189E58F58C0D}.Debug|Any CPU.ActiveCfg = Debug|Any CPU
		{10D51C37-D29B-3840-FB42-189E58F58C0D}.Debug|Any CPU.Build.0 = Debug|Any CPU
		{10D51C37-D29B-3840-FB42-189E58F58C0D}.Release|Any CPU.ActiveCfg = Release|Any CPU
		{10D51C37-D29B-3840-FB42-189E58F58C0D}.Release|Any CPU.Build.0 = Release|Any CPU
		{464B3B7C-A45F-25E3-29F2-07644769295F}.Debug|Any CPU.ActiveCfg = Debug|Any CPU
		{464B3B7C-A45F-25E3-29F2-07644769295F}.Debug|Any CPU.Build.0 = Debug|Any CPU
		{464B3B7C-A45F-25E3-29F2-07644769295F}.Release|Any CPU.ActiveCfg = Release|Any CPU
		{464B3B7C-A45F-25E3-29F2-07644769295F}.Release|Any CPU.Build.0 = Release|Any CPU
		{EC19A241-B34B-62D6-79F1-03F2CDC5D8A2}.Debug|Any CPU.ActiveCfg = Debug|Any CPU
		{EC19A241-B34B-62D6-79F1-03F2CDC5D8A2}.Debug|Any CPU.Build.0 = Debug|Any CPU
		{EC19A241-B34B-62D6-79F1-03F2CDC5D8A2}.Release|Any CPU.ActiveCfg = Release|Any CPU
		{EC19A241-B34B-62D6-79F1-03F2CDC5D8A2}.Release|Any CPU.Build.0 = Release|Any CPU
		{7746651C-4ACA-4234-AE09-9C9FE239DC28}.Debug|Any CPU.ActiveCfg = Debug|Any CPU
		{7746651C-4ACA-4234-AE09-9C9FE239DC28}.Debug|Any CPU.Build.0 = Debug|Any CPU
		{7746651C-4ACA-4234-AE09-9C9FE239DC28}.Release|Any CPU.ActiveCfg = Release|Any CPU
		{7746651C-4ACA-4234-AE09-9C9FE239DC28}.Release|Any CPU.Build.0 = Release|Any CPU
		{6D30F3A6-11D6-DB25-38E6-B588A4612111}.Debug|Any CPU.ActiveCfg = Debug|Any CPU
		{6D30F3A6-11D6-DB25-38E6-B588A4612111}.Debug|Any CPU.Build.0 = Debug|Any CPU
		{6D30F3A6-11D6-DB25-38E6-B588A4612111}.Release|Any CPU.ActiveCfg = Release|Any CPU
		{6D30F3A6-11D6-DB25-38E6-B588A4612111}.Release|Any CPU.Build.0 = Release|Any CPU
		{CD922865-6CE1-0732-C65D-70921EB2F13C}.Debug|Any CPU.ActiveCfg = Debug|Any CPU
		{CD922865-6CE1-0732-C65D-70921EB2F13C}.Debug|Any CPU.Build.0 = Debug|Any CPU
		{CD922865-6CE1-0732-C65D-70921EB2F13C}.Release|Any CPU.ActiveCfg = Release|Any CPU
		{CD922865-6CE1-0732-C65D-70921EB2F13C}.Release|Any CPU.Build.0 = Release|Any CPU
		{B4E67143-5B83-0F65-898F-C46C282E2861}.Debug|Any CPU.ActiveCfg = Debug|Any CPU
		{B4E67143-5B83-0F65-898F-C46C282E2861}.Debug|Any CPU.Build.0 = Debug|Any CPU
		{B4E67143-5B83-0F65-898F-C46C282E2861}.Release|Any CPU.ActiveCfg = Release|Any CPU
		{B4E67143-5B83-0F65-898F-C46C282E2861}.Release|Any CPU.Build.0 = Release|Any CPU
	EndGlobalSection
	GlobalSection(SolutionProperties) = preSolution
		HideSolutionNode = FALSE
	EndGlobalSection
EndGlobal
